
Microsoft Visual Studio Solution File, Format Version 12.00
# Visual Studio Version 17
VisualStudioVersion = 17.7.34221.43
MinimumVisualStudioVersion = 10.0.40219.1
Project("{FAE04EC0-301F-11D3-BF4B-00C04F79EFBC}") = "CrudSystem.PL", "CrudSystem.PL\CrudSystem.PL.csproj", "{3F3C3345-052C-4AE4-B08C-7DFC343AE8B5}"
EndProject
Project("{FAE04EC0-301F-11D3-BF4B-00C04F79EFBC}") = "CrudSystem.DAL", "CrudSystem.DAL\CrudSystem.DAL.csproj", "{9AB1AA6C-2A05-400B-A0E5-F095790A7517}"
EndProject
Project("{FAE04EC0-301F-11D3-BF4B-00C04F79EFBC}") = "CrudSystem.BLL", "CrudSystem.BLL\CrudSystem.BLL.csproj", "{B10108A5-7CC3-4D48-9BEA-510288C19D18}"
EndProject
Global
	GlobalSection(SolutionConfigurationPlatforms) = preSolution
		Debug|Any CPU = Debug|Any CPU
		Release|Any CPU = Release|Any CPU
	EndGlobalSection
	GlobalSection(ProjectConfigurationPlatforms) = postSolution
		{3F3C3345-052C-4AE4-B08C-7DFC343AE8B5}.Debug|Any CPU.ActiveCfg = Debug|Any CPU
		{3F3C3345-052C-4AE4-B08C-7DFC343AE8B5}.Debug|Any CPU.Build.0 = Debug|Any CPU
		{3F3C3345-052C-4AE4-B08C-7DFC343AE8B5}.Release|Any CPU.ActiveCfg = Release|Any CPU
		{3F3C3345-052C-4AE4-B08C-7DFC343AE8B5}.Release|Any CPU.Build.0 = Release|Any CPU
		{9AB1AA6C-2A05-400B-A0E5-F095790A7517}.Debug|Any CPU.ActiveCfg = Debug|Any CPU
		{9AB1AA6C-2A05-400B-A0E5-F095790A7517}.Debug|Any CPU.Build.0 = Debug|Any CPU
		{9AB1AA6C-2A05-400B-A0E5-F095790A7517}.Release|Any CPU.ActiveCfg = Release|Any CPU
		{9AB1AA6C-2A05-400B-A0E5-F095790A7517}.Release|Any CPU.Build.0 = Release|Any CPU
		{B10108A5-7CC3-4D48-9BEA-510288C19D18}.Debug|Any CPU.ActiveCfg = Debug|Any CPU
		{B10108A5-7CC3-4D48-9BEA-510288C19D18}.Debug|Any CPU.Build.0 = Debug|Any CPU
		{B10108A5-7CC3-4D48-9BEA-510288C19D18}.Release|Any CPU.ActiveCfg = Release|Any CPU
		{B10108A5-7CC3-4D48-9BEA-510288C19D18}.Release|Any CPU.Build.0 = Release|Any CPU
	EndGlobalSection
	GlobalSection(SolutionProperties) = preSolution
		HideSolutionNode = FALSE
	EndGlobalSection
	GlobalSection(ExtensibilityGlobals) = postSolution
		SolutionGuid = {5165AC36-A103-4695-A8BA-7466B76EC16E}
	EndGlobalSection
EndGlobal
